
Microsoft Visual Studio Solution File, Format Version 12.00
# Visual Studio Version 17
VisualStudioVersion = 17.3.32929.385
MinimumVisualStudioVersion = 10.0.40219.1
Project("{FAE04EC0-301F-11D3-BF4B-00C04F79EFBC}") = "ExchangeRates", "ExchangeRates\ExchangeRates.csproj", "{20324830-E84D-4839-B053-7DF30C1E0B8A}"
EndProject
Global
	GlobalSection(SolutionConfigurationPlatforms) = preSolution
		Debug|Any CPU = Debug|Any CPU
		Release|Any CPU = Release|Any CPU
	EndGlobalSection
	GlobalSection(ProjectConfigurationPlatforms) = postSolution
		{20324830-E84D-4839-B053-7DF30C1E0B8A}.Debug|Any CPU.ActiveCfg = Debug|Any CPU
		{20324830-E84D-4839-B053-7DF30C1E0B8A}.Debug|Any CPU.Build.0 = Debug|Any CPU
		{20324830-E84D-4839-B053-7DF30C1E0B8A}.Release|Any CPU.ActiveCfg = Release|Any CPU
		{20324830-E84D-4839-B053-7DF30C1E0B8A}.Release|Any CPU.Build.0 = Release|Any CPU
	EndGlobalSection
	GlobalSection(SolutionProperties) = preSolution
		HideSolutionNode = FALSE
	EndGlobalSection
	GlobalSection(ExtensibilityGlobals) = postSolution
		SolutionGuid = {22E147FF-8B3A-4EC9-8029-AE0BB64EDF7C}
	EndGlobalSection
EndGlobal
